
Microsoft Visual Studio Solution File, Format Version 12.00
# Visual Studio 2013
VisualStudioVersion = 12.0.21005.1
MinimumVisualStudioVersion = 10.0.40219.1
Project("{FAE04EC0-301F-11D3-BF4B-00C04F79EFBC}") = "DeclareVariables", "DeclareVariables\DeclareVariables.csproj", "{68B309C1-B33F-466A-BC8C-02B088CB2293}"
EndProject
Project("{FAE04EC0-301F-11D3-BF4B-00C04F79EFBC}") = "VariableinHexadecimalFormat", "VariableinHexadecimalFormat\VariableinHexadecimalFormat.csproj", "{AF323262-3B52-403F-B2FA-86C72249803B}"
EndProject
Project("{FAE04EC0-301F-11D3-BF4B-00C04F79EFBC}") = "FloatorDouble", "FloatorDouble\FloatorDouble.csproj", "{0B293D0F-02CB-4CB5-8E05-00D43ED27233}"
EndProject
Project("{FAE04EC0-301F-11D3-BF4B-00C04F79EFBC}") = "UnicodeCharacter", "UnicodeCharacter\UnicodeCharacter.csproj", "{A46EBD91-13D5-4621-90CA-B8D503E8DCE8}"
EndProject
Project("{FAE04EC0-301F-11D3-BF4B-00C04F79EFBC}") = "BooleanVariable", "BooleanVariable\BooleanVariable.csproj", "{4AEE4070-48F0-430A-88CE-554EFBCE9A6E}"
EndProject
Project("{FAE04EC0-301F-11D3-BF4B-00C04F79EFBC}") = "StringsandObjects", "StringsandObjects\StringsandObjects.csproj", "{EA726521-8443-4059-AF93-EEE75FC77947}"
EndProject
Project("{FAE04EC0-301F-11D3-BF4B-00C04F79EFBC}") = "QuotesinString", "QuotesinString\QuotesinString.csproj", "{858B1E4E-1589-4304-A32A-8EAC454CC467}"
EndProject
Project("{FAE04EC0-301F-11D3-BF4B-00C04F79EFBC}") = "IsoscelesTriangle", "IsoscelesTriangle\IsoscelesTriangle.csproj", "{CCB883C0-AA3F-49F4-A91D-F7B997668977}"
EndProject
Project("{FAE04EC0-301F-11D3-BF4B-00C04F79EFBC}") = "ExchangeVariableValues", "ExchangeVariableValues\ExchangeVariableValues.csproj", "{6EB522A7-59E3-44A0-8681-D64B70ADE668}"
EndProject
Project("{FAE04EC0-301F-11D3-BF4B-00C04F79EFBC}") = "EmployeeData", "EmployeeData\EmployeeData.csproj", "{4E65640C-74C7-4F1C-A996-EFAC08127A4B}"
EndProject
Project("{FAE04EC0-301F-11D3-BF4B-00C04F79EFBC}") = "BankAccountData", "BankAccountData\BankAccountData.csproj", "{5CC8ABFD-7167-41D3-AE55-D4844235DC7C}"
EndProject
Project("{FAE04EC0-301F-11D3-BF4B-00C04F79EFBC}") = "NullValues", "NullValues\NullValues.csproj", "{51D09C79-E40E-4DBE-82BD-63A6274F7053}"
EndProject
Project("{FAE04EC0-301F-11D3-BF4B-00C04F79EFBC}") = "CompareFloats", "CompareFloats\CompareFloats.csproj", "{90A1A7DA-75B2-4406-8BB5-FBA82D9170B3}"
EndProject
Project("{FAE04EC0-301F-11D3-BF4B-00C04F79EFBC}") = "ASCIITable", "ASCIITable\ASCIITable.csproj", "{0CFC96DD-FB21-4B01-9FF7-F75279CE8ACA}"
EndProject
Global
	GlobalSection(SolutionConfigurationPlatforms) = preSolution
		Debug|Any CPU = Debug|Any CPU
		Release|Any CPU = Release|Any CPU
	EndGlobalSection
	GlobalSection(ProjectConfigurationPlatforms) = postSolution
		{68B309C1-B33F-466A-BC8C-02B088CB2293}.Debug|Any CPU.ActiveCfg = Debug|Any CPU
		{68B309C1-B33F-466A-BC8C-02B088CB2293}.Debug|Any CPU.Build.0 = Debug|Any CPU
		{68B309C1-B33F-466A-BC8C-02B088CB2293}.Release|Any CPU.ActiveCfg = Release|Any CPU
		{68B309C1-B33F-466A-BC8C-02B088CB2293}.Release|Any CPU.Build.0 = Release|Any CPU
		{AF323262-3B52-403F-B2FA-86C72249803B}.Debug|Any CPU.ActiveCfg = Debug|Any CPU
		{AF323262-3B52-403F-B2FA-86C72249803B}.Debug|Any CPU.Build.0 = Debug|Any CPU
		{AF323262-3B52-403F-B2FA-86C72249803B}.Release|Any CPU.ActiveCfg = Release|Any CPU
		{AF323262-3B52-403F-B2FA-86C72249803B}.Release|Any CPU.Build.0 = Release|Any CPU
		{0B293D0F-02CB-4CB5-8E05-00D43ED27233}.Debug|Any CPU.ActiveCfg = Debug|Any CPU
		{0B293D0F-02CB-4CB5-8E05-00D43ED27233}.Debug|Any CPU.Build.0 = Debug|Any CPU
		{0B293D0F-02CB-4CB5-8E05-00D43ED27233}.Release|Any CPU.ActiveCfg = Release|Any CPU
		{0B293D0F-02CB-4CB5-8E05-00D43ED27233}.Release|Any CPU.Build.0 = Release|Any CPU
		{A46EBD91-13D5-4621-90CA-B8D503E8DCE8}.Debug|Any CPU.ActiveCfg = Debug|Any CPU
		{A46EBD91-13D5-4621-90CA-B8D503E8DCE8}.Debug|Any CPU.Build.0 = Debug|Any CPU
		{A46EBD91-13D5-4621-90CA-B8D503E8DCE8}.Release|Any CPU.ActiveCfg = Release|Any CPU
		{A46EBD91-13D5-4621-90CA-B8D503E8DCE8}.Release|Any CPU.Build.0 = Release|Any CPU
		{4AEE4070-48F0-430A-88CE-554EFBCE9A6E}.Debug|Any CPU.ActiveCfg = Debug|Any CPU
		{4AEE4070-48F0-430A-88CE-554EFBCE9A6E}.Debug|Any CPU.Build.0 = Debug|Any CPU
		{4AEE4070-48F0-430A-88CE-554EFBCE9A6E}.Release|Any CPU.ActiveCfg = Release|Any CPU
		{4AEE4070-48F0-430A-88CE-554EFBCE9A6E}.Release|Any CPU.Build.0 = Release|Any CPU
		{EA726521-8443-4059-AF93-EEE75FC77947}.Debug|Any CPU.ActiveCfg = Debug|Any CPU
		{EA726521-8443-4059-AF93-EEE75FC77947}.Debug|Any CPU.Build.0 = Debug|Any CPU
		{EA726521-8443-4059-AF93-EEE75FC77947}.Release|Any CPU.ActiveCfg = Release|Any CPU
		{EA726521-8443-4059-AF93-EEE75FC77947}.Release|Any CPU.Build.0 = Release|Any CPU
		{858B1E4E-1589-4304-A32A-8EAC454CC467}.Debug|Any CPU.ActiveCfg = Debug|Any CPU
		{858B1E4E-1589-4304-A32A-8EAC454CC467}.Debug|Any CPU.Build.0 = Debug|Any CPU
		{858B1E4E-1589-4304-A32A-8EAC454CC467}.Release|Any CPU.ActiveCfg = Release|Any CPU
		{858B1E4E-1589-4304-A32A-8EAC454CC467}.Release|Any CPU.Build.0 = Release|Any CPU
		{CCB883C0-AA3F-49F4-A91D-F7B997668977}.Debug|Any CPU.ActiveCfg = Debug|Any CPU
		{CCB883C0-AA3F-49F4-A91D-F7B997668977}.Debug|Any CPU.Build.0 = Debug|Any CPU
		{CCB883C0-AA3F-49F4-A91D-F7B997668977}.Release|Any CPU.ActiveCfg = Release|Any CPU
		{CCB883C0-AA3F-49F4-A91D-F7B997668977}.Release|Any CPU.Build.0 = Release|Any CPU
		{6EB522A7-59E3-44A0-8681-D64B70ADE668}.Debug|Any CPU.ActiveCfg = Debug|Any CPU
		{6EB522A7-59E3-44A0-8681-D64B70ADE668}.Debug|Any CPU.Build.0 = Debug|Any CPU
		{6EB522A7-59E3-44A0-8681-D64B70ADE668}.Release|Any CPU.ActiveCfg = Release|Any CPU
		{6EB522A7-59E3-44A0-8681-D64B70ADE668}.Release|Any CPU.Build.0 = Release|Any CPU
		{4E65640C-74C7-4F1C-A996-EFAC08127A4B}.Debug|Any CPU.ActiveCfg = Debug|Any CPU
		{4E65640C-74C7-4F1C-A996-EFAC08127A4B}.Debug|Any CPU.Build.0 = Debug|Any CPU
		{4E65640C-74C7-4F1C-A996-EFAC08127A4B}.Release|Any CPU.ActiveCfg = Release|Any CPU
		{4E65640C-74C7-4F1C-A996-EFAC08127A4B}.Release|Any CPU.Build.0 = Release|Any CPU
		{5CC8ABFD-7167-41D3-AE55-D4844235DC7C}.Debug|Any CPU.ActiveCfg = Debug|Any CPU
		{5CC8ABFD-7167-41D3-AE55-D4844235DC7C}.Debug|Any CPU.Build.0 = Debug|Any CPU
		{5CC8ABFD-7167-41D3-AE55-D4844235DC7C}.Release|Any CPU.ActiveCfg = Release|Any CPU
		{5CC8ABFD-7167-41D3-AE55-D4844235DC7C}.Release|Any CPU.Build.0 = Release|Any CPU
		{51D09C79-E40E-4DBE-82BD-63A6274F7053}.Debug|Any CPU.ActiveCfg = Debug|Any CPU
		{51D09C79-E40E-4DBE-82BD-63A6274F7053}.Debug|Any CPU.Build.0 = Debug|Any CPU
		{51D09C79-E40E-4DBE-82BD-63A6274F7053}.Release|Any CPU.ActiveCfg = Release|Any CPU
		{51D09C79-E40E-4DBE-82BD-63A6274F7053}.Release|Any CPU.Build.0 = Release|Any CPU
		{90A1A7DA-75B2-4406-8BB5-FBA82D9170B3}.Debug|Any CPU.ActiveCfg = Debug|Any CPU
		{90A1A7DA-75B2-4406-8BB5-FBA82D9170B3}.Debug|Any CPU.Build.0 = Debug|Any CPU
		{90A1A7DA-75B2-4406-8BB5-FBA82D9170B3}.Release|Any CPU.ActiveCfg = Release|Any CPU
		{90A1A7DA-75B2-4406-8BB5-FBA82D9170B3}.Release|Any CPU.Build.0 = Release|Any CPU
		{0CFC96DD-FB21-4B01-9FF7-F75279CE8ACA}.Debug|Any CPU.ActiveCfg = Debug|Any CPU
		{0CFC96DD-FB21-4B01-9FF7-F75279CE8ACA}.Debug|Any CPU.Build.0 = Debug|Any CPU
		{0CFC96DD-FB21-4B01-9FF7-F75279CE8ACA}.Release|Any CPU.ActiveCfg = Release|Any CPU
		{0CFC96DD-FB21-4B01-9FF7-F75279CE8ACA}.Release|Any CPU.Build.0 = Release|Any CPU
	EndGlobalSection
	GlobalSection(SolutionProperties) = preSolution
		HideSolutionNode = FALSE
	EndGlobalSection
EndGlobal
