
Microsoft Visual Studio Solution File, Format Version 12.00
# Visual Studio 2013
VisualStudioVersion = 12.0.21005.1
MinimumVisualStudioVersion = 10.0.40219.1
Project("{FAE04EC0-301F-11D3-BF4B-00C04F79EFBC}") = "01.AddorEven", "AddorEven\01.AddorEven.csproj", "{B4EE2EC2-DA9E-4696-B4F5-2656B053C17C}"
EndProject
Project("{FAE04EC0-301F-11D3-BF4B-00C04F79EFBC}") = "02.GravitationontheMoon", "GravitationontheMoon\02.GravitationontheMoon.csproj", "{B0263E66-3259-4C47-BB82-7D70E80ADA28}"
EndProject
Project("{FAE04EC0-301F-11D3-BF4B-00C04F79EFBC}") = "03.Divideby7and5", "Divideby7and5\03.Divideby7and5.csproj", "{EE2B55EC-4A55-4FDF-B899-CF123735D9CB}"
EndProject
Project("{FAE04EC0-301F-11D3-BF4B-00C04F79EFBC}") = "04.Rectangle", "Rectangle\04.Rectangle.csproj", "{7C666190-712D-4E06-876F-A75E933E3FE5}"
EndProject
Project("{FAE04EC0-301F-11D3-BF4B-00C04F79EFBC}") = "05.ThirdDigitis7", "ThirdDigitis7\05.ThirdDigitis7.csproj", "{0CAC9DB6-0351-4ADF-864D-BD2F50E6E0BD}"
EndProject
Project("{FAE04EC0-301F-11D3-BF4B-00C04F79EFBC}") = "06.FourDigitNumbers", "FourDigitNumbers\06.FourDigitNumbers.csproj", "{E4E05522-ACD0-4A73-9CAC-CA4E147528B7}"
EndProject
Project("{FAE04EC0-301F-11D3-BF4B-00C04F79EFBC}") = "07.PointinCircle", "PointinCircle\07.PointinCircle.csproj", "{FE154768-C962-452E-A866-D40A4E420722}"
EndProject
Project("{FAE04EC0-301F-11D3-BF4B-00C04F79EFBC}") = "08.PrimeNumberCheck", "PrimeNumberCheck\08.PrimeNumberCheck.csproj", "{927F9008-2611-4A3E-8596-5DBDEE230C29}"
EndProject
Project("{FAE04EC0-301F-11D3-BF4B-00C04F79EFBC}") = "09.Trapezoids", "Trapezoids\09.Trapezoids.csproj", "{76AFE606-F05E-446B-AE49-60002CB264F5}"
EndProject
Project("{FAE04EC0-301F-11D3-BF4B-00C04F79EFBC}") = "10.InsideCircleOutsideRectangle", "InsideCircleOutsideRectangle\10.InsideCircleOutsideRectangle.csproj", "{092D9494-2B54-41E9-9378-730DF1DD7AA7}"
EndProject
Project("{FAE04EC0-301F-11D3-BF4B-00C04F79EFBC}") = "11.ExtractBit3", "ExtractBit3\11.ExtractBit3.csproj", "{5E38BE97-34FD-4306-9F8A-2DB9B13C0AA4}"
EndProject
Project("{FAE04EC0-301F-11D3-BF4B-00C04F79EFBC}") = "12.ExtractBitfromInteger", "ExtractBitfromInteger\12.ExtractBitfromInteger.csproj", "{A3C49FB8-D1AF-4FA3-9DD1-A250D0DF264D}"
EndProject
Project("{FAE04EC0-301F-11D3-BF4B-00C04F79EFBC}") = "13.ChekaBitAtGivenPosition", "ChekaBitAtGivenPosition\13.ChekaBitAtGivenPosition.csproj", "{E869D2FE-24F9-4BA7-940F-AC778F7AA5B3}"
EndProject
Project("{FAE04EC0-301F-11D3-BF4B-00C04F79EFBC}") = "14.ModifyaBitAtGivenPosition", "ModifyaBitAtGivenPosition\14.ModifyaBitAtGivenPosition.csproj", "{C37B49D3-0F6F-49A3-9E9E-0F287DD028B7}"
EndProject
Project("{FAE04EC0-301F-11D3-BF4B-00C04F79EFBC}") = "15.BitsExchange", "BitsExchange\15.BitsExchange.csproj", "{D0CCE431-33E8-4449-8403-70F2E3930235}"
EndProject
Project("{FAE04EC0-301F-11D3-BF4B-00C04F79EFBC}") = "16.BitExchange", "BitExchange\16.BitExchange.csproj", "{B8363837-2849-4E6C-BBFE-E9AE31BA80B5}"
EndProject
Global
	GlobalSection(SolutionConfigurationPlatforms) = preSolution
		Debug|Any CPU = Debug|Any CPU
		Release|Any CPU = Release|Any CPU
	EndGlobalSection
	GlobalSection(ProjectConfigurationPlatforms) = postSolution
		{B4EE2EC2-DA9E-4696-B4F5-2656B053C17C}.Debug|Any CPU.ActiveCfg = Debug|Any CPU
		{B4EE2EC2-DA9E-4696-B4F5-2656B053C17C}.Debug|Any CPU.Build.0 = Debug|Any CPU
		{B4EE2EC2-DA9E-4696-B4F5-2656B053C17C}.Release|Any CPU.ActiveCfg = Release|Any CPU
		{B4EE2EC2-DA9E-4696-B4F5-2656B053C17C}.Release|Any CPU.Build.0 = Release|Any CPU
		{B0263E66-3259-4C47-BB82-7D70E80ADA28}.Debug|Any CPU.ActiveCfg = Debug|Any CPU
		{B0263E66-3259-4C47-BB82-7D70E80ADA28}.Debug|Any CPU.Build.0 = Debug|Any CPU
		{B0263E66-3259-4C47-BB82-7D70E80ADA28}.Release|Any CPU.ActiveCfg = Release|Any CPU
		{B0263E66-3259-4C47-BB82-7D70E80ADA28}.Release|Any CPU.Build.0 = Release|Any CPU
		{EE2B55EC-4A55-4FDF-B899-CF123735D9CB}.Debug|Any CPU.ActiveCfg = Debug|Any CPU
		{EE2B55EC-4A55-4FDF-B899-CF123735D9CB}.Debug|Any CPU.Build.0 = Debug|Any CPU
		{EE2B55EC-4A55-4FDF-B899-CF123735D9CB}.Release|Any CPU.ActiveCfg = Release|Any CPU
		{EE2B55EC-4A55-4FDF-B899-CF123735D9CB}.Release|Any CPU.Build.0 = Release|Any CPU
		{7C666190-712D-4E06-876F-A75E933E3FE5}.Debug|Any CPU.ActiveCfg = Debug|Any CPU
		{7C666190-712D-4E06-876F-A75E933E3FE5}.Debug|Any CPU.Build.0 = Debug|Any CPU
		{7C666190-712D-4E06-876F-A75E933E3FE5}.Release|Any CPU.ActiveCfg = Release|Any CPU
		{7C666190-712D-4E06-876F-A75E933E3FE5}.Release|Any CPU.Build.0 = Release|Any CPU
		{0CAC9DB6-0351-4ADF-864D-BD2F50E6E0BD}.Debug|Any CPU.ActiveCfg = Debug|Any CPU
		{0CAC9DB6-0351-4ADF-864D-BD2F50E6E0BD}.Debug|Any CPU.Build.0 = Debug|Any CPU
		{0CAC9DB6-0351-4ADF-864D-BD2F50E6E0BD}.Release|Any CPU.ActiveCfg = Release|Any CPU
		{0CAC9DB6-0351-4ADF-864D-BD2F50E6E0BD}.Release|Any CPU.Build.0 = Release|Any CPU
		{E4E05522-ACD0-4A73-9CAC-CA4E147528B7}.Debug|Any CPU.ActiveCfg = Debug|Any CPU
		{E4E05522-ACD0-4A73-9CAC-CA4E147528B7}.Debug|Any CPU.Build.0 = Debug|Any CPU
		{E4E05522-ACD0-4A73-9CAC-CA4E147528B7}.Release|Any CPU.ActiveCfg = Release|Any CPU
		{E4E05522-ACD0-4A73-9CAC-CA4E147528B7}.Release|Any CPU.Build.0 = Release|Any CPU
		{FE154768-C962-452E-A866-D40A4E420722}.Debug|Any CPU.ActiveCfg = Debug|Any CPU
		{FE154768-C962-452E-A866-D40A4E420722}.Debug|Any CPU.Build.0 = Debug|Any CPU
		{FE154768-C962-452E-A866-D40A4E420722}.Release|Any CPU.ActiveCfg = Release|Any CPU
		{FE154768-C962-452E-A866-D40A4E420722}.Release|Any CPU.Build.0 = Release|Any CPU
		{927F9008-2611-4A3E-8596-5DBDEE230C29}.Debug|Any CPU.ActiveCfg = Debug|Any CPU
		{927F9008-2611-4A3E-8596-5DBDEE230C29}.Debug|Any CPU.Build.0 = Debug|Any CPU
		{927F9008-2611-4A3E-8596-5DBDEE230C29}.Release|Any CPU.ActiveCfg = Release|Any CPU
		{927F9008-2611-4A3E-8596-5DBDEE230C29}.Release|Any CPU.Build.0 = Release|Any CPU
		{76AFE606-F05E-446B-AE49-60002CB264F5}.Debug|Any CPU.ActiveCfg = Debug|Any CPU
		{76AFE606-F05E-446B-AE49-60002CB264F5}.Debug|Any CPU.Build.0 = Debug|Any CPU
		{76AFE606-F05E-446B-AE49-60002CB264F5}.Release|Any CPU.ActiveCfg = Release|Any CPU
		{76AFE606-F05E-446B-AE49-60002CB264F5}.Release|Any CPU.Build.0 = Release|Any CPU
		{092D9494-2B54-41E9-9378-730DF1DD7AA7}.Debug|Any CPU.ActiveCfg = Debug|Any CPU
		{092D9494-2B54-41E9-9378-730DF1DD7AA7}.Debug|Any CPU.Build.0 = Debug|Any CPU
		{092D9494-2B54-41E9-9378-730DF1DD7AA7}.Release|Any CPU.ActiveCfg = Release|Any CPU
		{092D9494-2B54-41E9-9378-730DF1DD7AA7}.Release|Any CPU.Build.0 = Release|Any CPU
		{5E38BE97-34FD-4306-9F8A-2DB9B13C0AA4}.Debug|Any CPU.ActiveCfg = Debug|Any CPU
		{5E38BE97-34FD-4306-9F8A-2DB9B13C0AA4}.Debug|Any CPU.Build.0 = Debug|Any CPU
		{5E38BE97-34FD-4306-9F8A-2DB9B13C0AA4}.Release|Any CPU.ActiveCfg = Release|Any CPU
		{5E38BE97-34FD-4306-9F8A-2DB9B13C0AA4}.Release|Any CPU.Build.0 = Release|Any CPU
		{A3C49FB8-D1AF-4FA3-9DD1-A250D0DF264D}.Debug|Any CPU.ActiveCfg = Debug|Any CPU
		{A3C49FB8-D1AF-4FA3-9DD1-A250D0DF264D}.Debug|Any CPU.Build.0 = Debug|Any CPU
		{A3C49FB8-D1AF-4FA3-9DD1-A250D0DF264D}.Release|Any CPU.ActiveCfg = Release|Any CPU
		{A3C49FB8-D1AF-4FA3-9DD1-A250D0DF264D}.Release|Any CPU.Build.0 = Release|Any CPU
		{E869D2FE-24F9-4BA7-940F-AC778F7AA5B3}.Debug|Any CPU.ActiveCfg = Debug|Any CPU
		{E869D2FE-24F9-4BA7-940F-AC778F7AA5B3}.Debug|Any CPU.Build.0 = Debug|Any CPU
		{E869D2FE-24F9-4BA7-940F-AC778F7AA5B3}.Release|Any CPU.ActiveCfg = Release|Any CPU
		{E869D2FE-24F9-4BA7-940F-AC778F7AA5B3}.Release|Any CPU.Build.0 = Release|Any CPU
		{C37B49D3-0F6F-49A3-9E9E-0F287DD028B7}.Debug|Any CPU.ActiveCfg = Debug|Any CPU
		{C37B49D3-0F6F-49A3-9E9E-0F287DD028B7}.Debug|Any CPU.Build.0 = Debug|Any CPU
		{C37B49D3-0F6F-49A3-9E9E-0F287DD028B7}.Release|Any CPU.ActiveCfg = Release|Any CPU
		{C37B49D3-0F6F-49A3-9E9E-0F287DD028B7}.Release|Any CPU.Build.0 = Release|Any CPU
		{D0CCE431-33E8-4449-8403-70F2E3930235}.Debug|Any CPU.ActiveCfg = Debug|Any CPU
		{D0CCE431-33E8-4449-8403-70F2E3930235}.Debug|Any CPU.Build.0 = Debug|Any CPU
		{D0CCE431-33E8-4449-8403-70F2E3930235}.Release|Any CPU.ActiveCfg = Release|Any CPU
		{D0CCE431-33E8-4449-8403-70F2E3930235}.Release|Any CPU.Build.0 = Release|Any CPU
		{B8363837-2849-4E6C-BBFE-E9AE31BA80B5}.Debug|Any CPU.ActiveCfg = Debug|Any CPU
		{B8363837-2849-4E6C-BBFE-E9AE31BA80B5}.Debug|Any CPU.Build.0 = Debug|Any CPU
		{B8363837-2849-4E6C-BBFE-E9AE31BA80B5}.Release|Any CPU.ActiveCfg = Release|Any CPU
		{B8363837-2849-4E6C-BBFE-E9AE31BA80B5}.Release|Any CPU.Build.0 = Release|Any CPU
	EndGlobalSection
	GlobalSection(SolutionProperties) = preSolution
		HideSolutionNode = FALSE
	EndGlobalSection
EndGlobal
