
Microsoft Visual Studio Solution File, Format Version 12.00
# Visual Studio 2013
VisualStudioVersion = 12.0.21005.1
MinimumVisualStudioVersion = 10.0.40219.1
Project("{FAE04EC0-301F-11D3-BF4B-00C04F79EFBC}") = "01.NumbersFrom1ToN", "NumbersFrom1ToN\01.NumbersFrom1ToN.csproj", "{EC2DE806-85F3-428B-A853-E53502BFA04A}"
EndProject
Project("{FAE04EC0-301F-11D3-BF4B-00C04F79EFBC}") = "02.NumbersNotDivisibleby3and7", "NumbersNotDivisibleby3and7\02.NumbersNotDivisibleby3and7.csproj", "{B060CD98-F43D-4DE9-8AE9-5BF5287373A0}"
EndProject
Project("{FAE04EC0-301F-11D3-BF4B-00C04F79EFBC}") = "03.MinMaxSumandAverageofNNumbers", "MinMaxSumandAverageofNNumbers\03.MinMaxSumandAverageofNNumbers.csproj", "{DF9C321A-EA4A-4A8E-A248-4530535959EF}"
EndProject
Project("{FAE04EC0-301F-11D3-BF4B-00C04F79EFBC}") = "04.PrintaDeckof52Cards", "PrintaDeckof52Cards\04.PrintaDeckof52Cards.csproj", "{9203F333-DF81-4810-95D9-FB7DC4594C5C}"
EndProject
Project("{FAE04EC0-301F-11D3-BF4B-00C04F79EFBC}") = "05.Calculate", "Calculate\05.Calculate.csproj", "{84EB971C-8DE0-462B-B9A6-A04A19026939}"
EndProject
Project("{FAE04EC0-301F-11D3-BF4B-00C04F79EFBC}") = "06.CalculateNK", "CalculateNK\06.CalculateNK.csproj", "{1AD49598-282B-4D8D-9E20-26A1ACBA4D84}"
EndProject
Project("{FAE04EC0-301F-11D3-BF4B-00C04F79EFBC}") = "07.CombinationFormula", "CombinationFormula\07.CombinationFormula.csproj", "{8E9644E9-7462-4A65-8D6E-C4B36D372F78}"
EndProject
Project("{FAE04EC0-301F-11D3-BF4B-00C04F79EFBC}") = "08.CatalanNumbers", "CatalanNumbers\08.CatalanNumbers.csproj", "{F8028235-CC5F-4E87-9D2D-DF9818862B46}"
EndProject
Project("{FAE04EC0-301F-11D3-BF4B-00C04F79EFBC}") = "09.MatrixNumbers", "MatrixNumbers\09.MatrixNumbers.csproj", "{DD49203E-F703-4A71-83BE-89452D7CF7BF}"
EndProject
Project("{FAE04EC0-301F-11D3-BF4B-00C04F79EFBC}") = "10.AddorEvenProduct", "AddorEvenProduct\10.AddorEvenProduct.csproj", "{E632979B-3FE3-4C0D-8628-53A347226A8C}"
EndProject
Project("{FAE04EC0-301F-11D3-BF4B-00C04F79EFBC}") = "11.RandomNumbersinGivenRange", "RandomNumbersinGivenRange\11.RandomNumbersinGivenRange.csproj", "{CE73C273-4219-4418-A339-E9A89CB39F69}"
EndProject
Project("{FAE04EC0-301F-11D3-BF4B-00C04F79EFBC}") = "12.RandomizeNumbersInRange", "RandomizeNumbersInRange\12.RandomizeNumbersInRange.csproj", "{4EECAC2A-36A3-4575-92FE-331D356F377B}"
EndProject
Project("{FAE04EC0-301F-11D3-BF4B-00C04F79EFBC}") = "13.BinaryToDecimalNumber", "BinaryToDecimalNumber\13.BinaryToDecimalNumber.csproj", "{A3585573-199B-4577-9E2D-0F03CA439162}"
EndProject
Project("{FAE04EC0-301F-11D3-BF4B-00C04F79EFBC}") = "14.DecimalToBinary", "DecimalToBinary\14.DecimalToBinary.csproj", "{682B1E59-2023-4FA0-B5C3-6F01931F6D8C}"
EndProject
Project("{FAE04EC0-301F-11D3-BF4B-00C04F79EFBC}") = "15.HexToDecimal", "HexToDecimal\15.HexToDecimal.csproj", "{789A0B3C-6353-486A-B4BA-6540D4F83800}"
EndProject
Project("{FAE04EC0-301F-11D3-BF4B-00C04F79EFBC}") = "16.DecimalToHex", "DecimalToHex\16.DecimalToHex.csproj", "{6B104A8F-4D2B-4C80-99E9-5C8B8C6E68A6}"
EndProject
Global
	GlobalSection(SolutionConfigurationPlatforms) = preSolution
		Debug|Any CPU = Debug|Any CPU
		Release|Any CPU = Release|Any CPU
	EndGlobalSection
	GlobalSection(ProjectConfigurationPlatforms) = postSolution
		{EC2DE806-85F3-428B-A853-E53502BFA04A}.Debug|Any CPU.ActiveCfg = Debug|Any CPU
		{EC2DE806-85F3-428B-A853-E53502BFA04A}.Debug|Any CPU.Build.0 = Debug|Any CPU
		{EC2DE806-85F3-428B-A853-E53502BFA04A}.Release|Any CPU.ActiveCfg = Release|Any CPU
		{EC2DE806-85F3-428B-A853-E53502BFA04A}.Release|Any CPU.Build.0 = Release|Any CPU
		{B060CD98-F43D-4DE9-8AE9-5BF5287373A0}.Debug|Any CPU.ActiveCfg = Debug|Any CPU
		{B060CD98-F43D-4DE9-8AE9-5BF5287373A0}.Debug|Any CPU.Build.0 = Debug|Any CPU
		{B060CD98-F43D-4DE9-8AE9-5BF5287373A0}.Release|Any CPU.ActiveCfg = Release|Any CPU
		{B060CD98-F43D-4DE9-8AE9-5BF5287373A0}.Release|Any CPU.Build.0 = Release|Any CPU
		{DF9C321A-EA4A-4A8E-A248-4530535959EF}.Debug|Any CPU.ActiveCfg = Debug|Any CPU
		{DF9C321A-EA4A-4A8E-A248-4530535959EF}.Debug|Any CPU.Build.0 = Debug|Any CPU
		{DF9C321A-EA4A-4A8E-A248-4530535959EF}.Release|Any CPU.ActiveCfg = Release|Any CPU
		{DF9C321A-EA4A-4A8E-A248-4530535959EF}.Release|Any CPU.Build.0 = Release|Any CPU
		{9203F333-DF81-4810-95D9-FB7DC4594C5C}.Debug|Any CPU.ActiveCfg = Debug|Any CPU
		{9203F333-DF81-4810-95D9-FB7DC4594C5C}.Debug|Any CPU.Build.0 = Debug|Any CPU
		{9203F333-DF81-4810-95D9-FB7DC4594C5C}.Release|Any CPU.ActiveCfg = Release|Any CPU
		{9203F333-DF81-4810-95D9-FB7DC4594C5C}.Release|Any CPU.Build.0 = Release|Any CPU
		{84EB971C-8DE0-462B-B9A6-A04A19026939}.Debug|Any CPU.ActiveCfg = Debug|Any CPU
		{84EB971C-8DE0-462B-B9A6-A04A19026939}.Debug|Any CPU.Build.0 = Debug|Any CPU
		{84EB971C-8DE0-462B-B9A6-A04A19026939}.Release|Any CPU.ActiveCfg = Release|Any CPU
		{84EB971C-8DE0-462B-B9A6-A04A19026939}.Release|Any CPU.Build.0 = Release|Any CPU
		{1AD49598-282B-4D8D-9E20-26A1ACBA4D84}.Debug|Any CPU.ActiveCfg = Debug|Any CPU
		{1AD49598-282B-4D8D-9E20-26A1ACBA4D84}.Debug|Any CPU.Build.0 = Debug|Any CPU
		{1AD49598-282B-4D8D-9E20-26A1ACBA4D84}.Release|Any CPU.ActiveCfg = Release|Any CPU
		{1AD49598-282B-4D8D-9E20-26A1ACBA4D84}.Release|Any CPU.Build.0 = Release|Any CPU
		{8E9644E9-7462-4A65-8D6E-C4B36D372F78}.Debug|Any CPU.ActiveCfg = Debug|Any CPU
		{8E9644E9-7462-4A65-8D6E-C4B36D372F78}.Debug|Any CPU.Build.0 = Debug|Any CPU
		{8E9644E9-7462-4A65-8D6E-C4B36D372F78}.Release|Any CPU.ActiveCfg = Release|Any CPU
		{8E9644E9-7462-4A65-8D6E-C4B36D372F78}.Release|Any CPU.Build.0 = Release|Any CPU
		{F8028235-CC5F-4E87-9D2D-DF9818862B46}.Debug|Any CPU.ActiveCfg = Debug|Any CPU
		{F8028235-CC5F-4E87-9D2D-DF9818862B46}.Debug|Any CPU.Build.0 = Debug|Any CPU
		{F8028235-CC5F-4E87-9D2D-DF9818862B46}.Release|Any CPU.ActiveCfg = Release|Any CPU
		{F8028235-CC5F-4E87-9D2D-DF9818862B46}.Release|Any CPU.Build.0 = Release|Any CPU
		{DD49203E-F703-4A71-83BE-89452D7CF7BF}.Debug|Any CPU.ActiveCfg = Debug|Any CPU
		{DD49203E-F703-4A71-83BE-89452D7CF7BF}.Debug|Any CPU.Build.0 = Debug|Any CPU
		{DD49203E-F703-4A71-83BE-89452D7CF7BF}.Release|Any CPU.ActiveCfg = Release|Any CPU
		{DD49203E-F703-4A71-83BE-89452D7CF7BF}.Release|Any CPU.Build.0 = Release|Any CPU
		{E632979B-3FE3-4C0D-8628-53A347226A8C}.Debug|Any CPU.ActiveCfg = Debug|Any CPU
		{E632979B-3FE3-4C0D-8628-53A347226A8C}.Debug|Any CPU.Build.0 = Debug|Any CPU
		{E632979B-3FE3-4C0D-8628-53A347226A8C}.Release|Any CPU.ActiveCfg = Release|Any CPU
		{E632979B-3FE3-4C0D-8628-53A347226A8C}.Release|Any CPU.Build.0 = Release|Any CPU
		{CE73C273-4219-4418-A339-E9A89CB39F69}.Debug|Any CPU.ActiveCfg = Debug|Any CPU
		{CE73C273-4219-4418-A339-E9A89CB39F69}.Debug|Any CPU.Build.0 = Debug|Any CPU
		{CE73C273-4219-4418-A339-E9A89CB39F69}.Release|Any CPU.ActiveCfg = Release|Any CPU
		{CE73C273-4219-4418-A339-E9A89CB39F69}.Release|Any CPU.Build.0 = Release|Any CPU
		{4EECAC2A-36A3-4575-92FE-331D356F377B}.Debug|Any CPU.ActiveCfg = Debug|Any CPU
		{4EECAC2A-36A3-4575-92FE-331D356F377B}.Debug|Any CPU.Build.0 = Debug|Any CPU
		{4EECAC2A-36A3-4575-92FE-331D356F377B}.Release|Any CPU.ActiveCfg = Release|Any CPU
		{4EECAC2A-36A3-4575-92FE-331D356F377B}.Release|Any CPU.Build.0 = Release|Any CPU
		{A3585573-199B-4577-9E2D-0F03CA439162}.Debug|Any CPU.ActiveCfg = Debug|Any CPU
		{A3585573-199B-4577-9E2D-0F03CA439162}.Debug|Any CPU.Build.0 = Debug|Any CPU
		{A3585573-199B-4577-9E2D-0F03CA439162}.Release|Any CPU.ActiveCfg = Release|Any CPU
		{A3585573-199B-4577-9E2D-0F03CA439162}.Release|Any CPU.Build.0 = Release|Any CPU
		{682B1E59-2023-4FA0-B5C3-6F01931F6D8C}.Debug|Any CPU.ActiveCfg = Debug|Any CPU
		{682B1E59-2023-4FA0-B5C3-6F01931F6D8C}.Debug|Any CPU.Build.0 = Debug|Any CPU
		{682B1E59-2023-4FA0-B5C3-6F01931F6D8C}.Release|Any CPU.ActiveCfg = Release|Any CPU
		{682B1E59-2023-4FA0-B5C3-6F01931F6D8C}.Release|Any CPU.Build.0 = Release|Any CPU
		{789A0B3C-6353-486A-B4BA-6540D4F83800}.Debug|Any CPU.ActiveCfg = Debug|Any CPU
		{789A0B3C-6353-486A-B4BA-6540D4F83800}.Debug|Any CPU.Build.0 = Debug|Any CPU
		{789A0B3C-6353-486A-B4BA-6540D4F83800}.Release|Any CPU.ActiveCfg = Release|Any CPU
		{789A0B3C-6353-486A-B4BA-6540D4F83800}.Release|Any CPU.Build.0 = Release|Any CPU
		{6B104A8F-4D2B-4C80-99E9-5C8B8C6E68A6}.Debug|Any CPU.ActiveCfg = Debug|Any CPU
		{6B104A8F-4D2B-4C80-99E9-5C8B8C6E68A6}.Debug|Any CPU.Build.0 = Debug|Any CPU
		{6B104A8F-4D2B-4C80-99E9-5C8B8C6E68A6}.Release|Any CPU.ActiveCfg = Release|Any CPU
		{6B104A8F-4D2B-4C80-99E9-5C8B8C6E68A6}.Release|Any CPU.Build.0 = Release|Any CPU
	EndGlobalSection
	GlobalSection(SolutionProperties) = preSolution
		HideSolutionNode = FALSE
	EndGlobalSection
EndGlobal
